
Microsoft Visual Studio Solution File, Format Version 12.00
# Visual Studio 15
VisualStudioVersion = 15.0.28307.572
MinimumVisualStudioVersion = 10.0.40219.1
Project("{FAE04EC0-301F-11D3-BF4B-00C04F79EFBC}") = "ParkingSlotAPI", "ParkingSlotAPI\ParkingSlotAPI.csproj", "{052F0BF1-E532-477B-9C7F-B96D2C3F2512}"
EndProject
Global
	GlobalSection(SolutionConfigurationPlatforms) = preSolution
		Debug|Any CPU = Debug|Any CPU
		Release|Any CPU = Release|Any CPU
	EndGlobalSection
	GlobalSection(ProjectConfigurationPlatforms) = postSolution
		{052F0BF1-E532-477B-9C7F-B96D2C3F2512}.Debug|Any CPU.ActiveCfg = Debug|Any CPU
		{052F0BF1-E532-477B-9C7F-B96D2C3F2512}.Debug|Any CPU.Build.0 = Debug|Any CPU
		{052F0BF1-E532-477B-9C7F-B96D2C3F2512}.Release|Any CPU.ActiveCfg = Release|Any CPU
		{052F0BF1-E532-477B-9C7F-B96D2C3F2512}.Release|Any CPU.Build.0 = Release|Any CPU
	EndGlobalSection
	GlobalSection(SolutionProperties) = preSolution
		HideSolutionNode = FALSE
	EndGlobalSection
	GlobalSection(ExtensibilityGlobals) = postSolution
		SolutionGuid = {55FE2ED0-A3DE-47D8-B0FD-BE7470A6A863}
	EndGlobalSection
EndGlobal
